
Microsoft Visual Studio Solution File, Format Version 12.00
# Visual Studio Version 16
VisualStudioVersion = 16.0.31624.102
MinimumVisualStudioVersion = 10.0.40219.1
Project("{FAE04EC0-301F-11D3-BF4B-00C04F79EFBC}") = "lab2_sol_2", "lab2_sol_2\lab2_sol_2.csproj", "{BABAB226-26F6-4545-B3C2-AC41F5EBE5F7}"
EndProject
Global
	GlobalSection(SolutionConfigurationPlatforms) = preSolution
		Debug|Any CPU = Debug|Any CPU
		Release|Any CPU = Release|Any CPU
	EndGlobalSection
	GlobalSection(ProjectConfigurationPlatforms) = postSolution
		{BABAB226-26F6-4545-B3C2-AC41F5EBE5F7}.Debug|Any CPU.ActiveCfg = Debug|Any CPU
		{BABAB226-26F6-4545-B3C2-AC41F5EBE5F7}.Debug|Any CPU.Build.0 = Debug|Any CPU
		{BABAB226-26F6-4545-B3C2-AC41F5EBE5F7}.Release|Any CPU.ActiveCfg = Release|Any CPU
		{BABAB226-26F6-4545-B3C2-AC41F5EBE5F7}.Release|Any CPU.Build.0 = Release|Any CPU
	EndGlobalSection
	GlobalSection(SolutionProperties) = preSolution
		HideSolutionNode = FALSE
	EndGlobalSection
	GlobalSection(ExtensibilityGlobals) = postSolution
		SolutionGuid = {60B35BB1-4A06-4958-A26F-AC44BFCDA60E}
	EndGlobalSection
EndGlobal
